
Microsoft Visual Studio Solution File, Format Version 12.00
# Visual Studio Version 17
VisualStudioVersion = 17.10.35122.118
MinimumVisualStudioVersion = 10.0.40219.1
Project("{2150E333-8FDC-42A3-9474-1A3956D46DE8}") = "Src", "Src", "{77222094-A45C-42E3-A2FB-09F7A6B13EAF}"
EndProject
Project("{9A19103F-16F7-4668-BE54-9A1E7A4F7556}") = "TillApp.Domain", "Src\TillApp.Domain\TillApp.Domain.csproj", "{89469632-F2BF-4FE1-8D9D-E0D83E767FCC}"
EndProject
Project("{9A19103F-16F7-4668-BE54-9A1E7A4F7556}") = "TillApp.Application", "Src\TillApp.Application\TillApp.Application.csproj", "{AC426C2E-2185-4464-B824-91A46E0EBC31}"
EndProject
Project("{9A19103F-16F7-4668-BE54-9A1E7A4F7556}") = "TillApp.Infrastructure", "Src\TillApp.Infrastructure\TillApp.Infrastructure.csproj", "{D5A7D858-7F49-40F0-87E1-5A487961B43D}"
EndProject
Project("{9A19103F-16F7-4668-BE54-9A1E7A4F7556}") = "TillApp.API", "Src\TillApp.API\TillApp.API.csproj", "{7FEF4989-818A-45DA-BA6C-5AB065D2B1DA}"
EndProject
Project("{2150E333-8FDC-42A3-9474-1A3956D46DE8}") = "Client", "Client", "{9ACC703A-A4BB-411E-973B-405F769FE596}"
EndProject
Project("{9A19103F-16F7-4668-BE54-9A1E7A4F7556}") = "TillApp.Shared", "Client\TillApp.Shared\TillApp.Shared.csproj", "{A7084D20-16AB-40C9-92DF-97DC3041EE48}"
EndProject
Project("{9A19103F-16F7-4668-BE54-9A1E7A4F7556}") = "TillApp.Client.WebAssembly", "Client\TillApp.Client.WebAssembly\TillApp.Client.WebAssembly.csproj", "{F52114CF-2B11-4E89-99AC-5AEADA3DCCF4}"
EndProject
Project("{FAE04EC0-301F-11D3-BF4B-00C04F79EFBC}") = "TillApp.Client.Mobile", "Client\TillApp.Client.Mobile\TillApp.Client.Mobile.csproj", "{497FFD81-1BDE-47B9-8B4D-8F921B502D79}"
EndProject
Global
	GlobalSection(SolutionConfigurationPlatforms) = preSolution
		Debug|Any CPU = Debug|Any CPU
		Release|Any CPU = Release|Any CPU
	EndGlobalSection
	GlobalSection(ProjectConfigurationPlatforms) = postSolution
		{89469632-F2BF-4FE1-8D9D-E0D83E767FCC}.Debug|Any CPU.ActiveCfg = Debug|Any CPU
		{89469632-F2BF-4FE1-8D9D-E0D83E767FCC}.Debug|Any CPU.Build.0 = Debug|Any CPU
		{89469632-F2BF-4FE1-8D9D-E0D83E767FCC}.Release|Any CPU.ActiveCfg = Release|Any CPU
		{89469632-F2BF-4FE1-8D9D-E0D83E767FCC}.Release|Any CPU.Build.0 = Release|Any CPU
		{AC426C2E-2185-4464-B824-91A46E0EBC31}.Debug|Any CPU.ActiveCfg = Debug|Any CPU
		{AC426C2E-2185-4464-B824-91A46E0EBC31}.Debug|Any CPU.Build.0 = Debug|Any CPU
		{AC426C2E-2185-4464-B824-91A46E0EBC31}.Release|Any CPU.ActiveCfg = Release|Any CPU
		{AC426C2E-2185-4464-B824-91A46E0EBC31}.Release|Any CPU.Build.0 = Release|Any CPU
		{D5A7D858-7F49-40F0-87E1-5A487961B43D}.Debug|Any CPU.ActiveCfg = Debug|Any CPU
		{D5A7D858-7F49-40F0-87E1-5A487961B43D}.Debug|Any CPU.Build.0 = Debug|Any CPU
		{D5A7D858-7F49-40F0-87E1-5A487961B43D}.Release|Any CPU.ActiveCfg = Release|Any CPU
		{D5A7D858-7F49-40F0-87E1-5A487961B43D}.Release|Any CPU.Build.0 = Release|Any CPU
		{7FEF4989-818A-45DA-BA6C-5AB065D2B1DA}.Debug|Any CPU.ActiveCfg = Debug|Any CPU
		{7FEF4989-818A-45DA-BA6C-5AB065D2B1DA}.Debug|Any CPU.Build.0 = Debug|Any CPU
		{7FEF4989-818A-45DA-BA6C-5AB065D2B1DA}.Release|Any CPU.ActiveCfg = Release|Any CPU
		{7FEF4989-818A-45DA-BA6C-5AB065D2B1DA}.Release|Any CPU.Build.0 = Release|Any CPU
		{A7084D20-16AB-40C9-92DF-97DC3041EE48}.Debug|Any CPU.ActiveCfg = Debug|Any CPU
		{A7084D20-16AB-40C9-92DF-97DC3041EE48}.Debug|Any CPU.Build.0 = Debug|Any CPU
		{A7084D20-16AB-40C9-92DF-97DC3041EE48}.Release|Any CPU.ActiveCfg = Release|Any CPU
		{A7084D20-16AB-40C9-92DF-97DC3041EE48}.Release|Any CPU.Build.0 = Release|Any CPU
		{F52114CF-2B11-4E89-99AC-5AEADA3DCCF4}.Debug|Any CPU.ActiveCfg = Debug|Any CPU
		{F52114CF-2B11-4E89-99AC-5AEADA3DCCF4}.Debug|Any CPU.Build.0 = Debug|Any CPU
		{F52114CF-2B11-4E89-99AC-5AEADA3DCCF4}.Release|Any CPU.ActiveCfg = Release|Any CPU
		{F52114CF-2B11-4E89-99AC-5AEADA3DCCF4}.Release|Any CPU.Build.0 = Release|Any CPU
		{497FFD81-1BDE-47B9-8B4D-8F921B502D79}.Debug|Any CPU.ActiveCfg = Debug|Any CPU
		{497FFD81-1BDE-47B9-8B4D-8F921B502D79}.Debug|Any CPU.Build.0 = Debug|Any CPU
		{497FFD81-1BDE-47B9-8B4D-8F921B502D79}.Debug|Any CPU.Deploy.0 = Debug|Any CPU
		{497FFD81-1BDE-47B9-8B4D-8F921B502D79}.Release|Any CPU.ActiveCfg = Release|Any CPU
		{497FFD81-1BDE-47B9-8B4D-8F921B502D79}.Release|Any CPU.Build.0 = Release|Any CPU
		{497FFD81-1BDE-47B9-8B4D-8F921B502D79}.Release|Any CPU.Deploy.0 = Release|Any CPU
	EndGlobalSection
	GlobalSection(SolutionProperties) = preSolution
		HideSolutionNode = FALSE
	EndGlobalSection
	GlobalSection(NestedProjects) = preSolution
		{89469632-F2BF-4FE1-8D9D-E0D83E767FCC} = {77222094-A45C-42E3-A2FB-09F7A6B13EAF}
		{AC426C2E-2185-4464-B824-91A46E0EBC31} = {77222094-A45C-42E3-A2FB-09F7A6B13EAF}
		{D5A7D858-7F49-40F0-87E1-5A487961B43D} = {77222094-A45C-42E3-A2FB-09F7A6B13EAF}
		{7FEF4989-818A-45DA-BA6C-5AB065D2B1DA} = {77222094-A45C-42E3-A2FB-09F7A6B13EAF}
		{A7084D20-16AB-40C9-92DF-97DC3041EE48} = {9ACC703A-A4BB-411E-973B-405F769FE596}
		{F52114CF-2B11-4E89-99AC-5AEADA3DCCF4} = {9ACC703A-A4BB-411E-973B-405F769FE596}
		{497FFD81-1BDE-47B9-8B4D-8F921B502D79} = {9ACC703A-A4BB-411E-973B-405F769FE596}
	EndGlobalSection
	GlobalSection(ExtensibilityGlobals) = postSolution
		SolutionGuid = {06E161C4-DB9F-485A-A8AE-253B323F5C3D}
	EndGlobalSection
EndGlobal
